{
  "originHash" : "6ccab3178ff645c652f3f3f3777d388a07eb85a271851d7185b128ab67b59d73",
  "pins" : [
    {
      "identity" : "clutchcorekit",
      "kind" : "remoteSourceControl",
      "location" : "https://github.com/engingulek/ClutchCoreKit",
      "state" : {
        "revision" : "906853cd938bfc59ff844a972491c651f221131a",
        "version" : "0.2.0"
      }
    },
    {
      "identity" : "clutchmodularprotocols",
      "kind" : "remoteSourceControl",
      "location" : "https://github.com/engingulek/ClutchModularProtocols.git",
      "state" : {
        "revision" : "8a447c7bd2b5ee969bcb8192a880a4febcbe2de9",
        "version" : "0.0.5"
      }
    },
    {
      "identity" : "clutchnavigationkit",
      "kind" : "remoteSourceControl",
      "location" : "https://github.com/engingulek/ClutchNavigationKit",
      "state" : {
        "revision" : "91c02448a90f2ca4ca6249b14361354b38554bbd",
        "version" : "0.0.9"
      }
    },
    {
      "identity" : "hpdependencykit",
      "kind" : "remoteSourceControl",
      "location" : "https://github.com/engingulek/HPDependencyKit",
      "state" : {
        "revision" : "c9305c28ff55ad6eb257fbcfd014f49be7d8f47a",
        "version" : "1.0.0"
      }
    },
    {
      "identity" : "swinject",
      "kind" : "remoteSourceControl",
      "location" : "https://github.com/Swinject/Swinject.git",
      "state" : {
        "revision" : "b685b549fe4d8ae265fc7a2f27d0789720425d69",
        "version" : "2.10.0"
      }
    }
  ],
  "version" : 3
}
