{
  "originHash" : "967c80b3b677287b57048a17e4d8506479c9fcc542285b9b2ea3ed5c26b7a1bf",
  "pins" : [
    {
      "identity" : "clutchcorekit",
      "kind" : "remoteSourceControl",
      "location" : "https://github.com/engingulek/ClutchCoreKit",
      "state" : {
        "revision" : "7845869c7d20c32d5f0208bfcc41a1410ce91e6d",
        "version" : "0.2.4"
      }
    },
    {
      "identity" : "clutchmanagerkits",
      "kind" : "remoteSourceControl",
      "location" : "https://github.com/engingulek/ClutchManagerKits",
      "state" : {
        "branch" : "develop",
        "revision" : "fab8f656d55bd6dcdd952547cdabfe05425671c4"
      }
    },
    {
      "identity" : "clutchmodularprotocols",
      "kind" : "remoteSourceControl",
      "location" : "https://github.com/engingulek/ClutchModularProtocols.git",
      "state" : {
        "revision" : "8a447c7bd2b5ee969bcb8192a880a4febcbe2de9",
        "version" : "0.0.5"
      }
    },
    {
      "identity" : "clutchnavigationkit",
      "kind" : "remoteSourceControl",
      "location" : "https://github.com/engingulek/ClutchNavigationKit",
      "state" : {
        "branch" : "develop",
        "revision" : "d98a617990e287e410e2ebfc4be7b0a6ebaaf408"
      }
    },
    {
      "identity" : "hpdependencykit",
      "kind" : "remoteSourceControl",
      "location" : "https://github.com/engingulek/HPDependencyKit",
      "state" : {
        "revision" : "c9305c28ff55ad6eb257fbcfd014f49be7d8f47a",
        "version" : "1.0.0"
      }
    },
    {
      "identity" : "swinject",
      "kind" : "remoteSourceControl",
      "location" : "https://github.com/Swinject/Swinject.git",
      "state" : {
        "revision" : "b685b549fe4d8ae265fc7a2f27d0789720425d69",
        "version" : "2.10.0"
      }
    }
  ],
  "version" : 3
}
