{
  "originHash" : "bcada99cfe3c39f2b741d8422ffdb769efbd5d93d04b6d729d91dfcd7010d3c7",
  "pins" : [
    {
      "identity" : "clutchcorekit",
      "kind" : "remoteSourceControl",
      "location" : "https://github.com/engingulek/ClutchCoreKit",
      "state" : {
        "revision" : "7845869c7d20c32d5f0208bfcc41a1410ce91e6d",
        "version" : "0.2.4"
      }
    },
    {
      "identity" : "clutchmanagerkits",
      "kind" : "remoteSourceControl",
      "location" : "https://github.com/engingulek/ClutchManagerKits",
      "state" : {
        "branch" : "develop",
        "revision" : "6b05dc69335f4450ea6b9dc4f95728b5786b5a95"
      }
    },
    {
      "identity" : "clutchmodularprotocols",
      "kind" : "remoteSourceControl",
      "location" : "https://github.com/engingulek/ClutchModularProtocols.git",
      "state" : {
        "revision" : "8a447c7bd2b5ee969bcb8192a880a4febcbe2de9",
        "version" : "0.0.5"
      }
    },
    {
      "identity" : "clutchnavigationkit",
      "kind" : "remoteSourceControl",
      "location" : "https://github.com/engingulek/ClutchNavigationKit",
      "state" : {
        "branch" : "develop",
        "revision" : "d98a617990e287e410e2ebfc4be7b0a6ebaaf408"
      }
    },
    {
      "identity" : "hpdependencykit",
      "kind" : "remoteSourceControl",
      "location" : "https://github.com/engingulek/HPDependencyKit",
      "state" : {
        "revision" : "c9305c28ff55ad6eb257fbcfd014f49be7d8f47a",
        "version" : "1.0.0"
      }
    },
    {
      "identity" : "swinject",
      "kind" : "remoteSourceControl",
      "location" : "https://github.com/Swinject/Swinject.git",
      "state" : {
        "revision" : "b685b549fe4d8ae265fc7a2f27d0789720425d69",
        "version" : "2.10.0"
      }
    }
  ],
  "version" : 3
}
