{
  "originHash" : "79440f214881394bdfc3691823d35b23d90dc0b0021906a9e82cdc21023a07fb",
  "pins" : [
    {
      "identity" : "clutchcorekit",
      "kind" : "remoteSourceControl",
      "location" : "https://github.com/engingulek/ClutchCoreKit",
      "state" : {
        "revision" : "afdf72fa6458b0a1d9cae443fcdc79d445b5cc1b",
        "version" : "0.1.1"
      }
    }
  ],
  "version" : 3
}
